// !$*UTF8*$!
{
	archiveVersion = 1;
	classes = {
	};
	objectVersion = 46;
	objects = {

/* Begin PBXBuildFile section */
		E6C1D4C617FE788200FA02EF /* duck1.png in Resources */ = {isa = PBXBuildFile; fileRef = E6C1D4C417FE788200FA02EF /* duck1.png */; };
		E6C1D4C717FE788200FA02EF /* duck2.png in Resources */ = {isa = PBXBuildFile; fileRef = E6C1D4C517FE788200FA02EF /* duck2.png */; };
		E6DFF6F217A4B51D0056F270 /* Foundation.framework in Frameworks */ = {isa = PBXBuildFile; fileRef = E6DFF6F117A4B51D0056F270 /* Foundation.framework */; };
		E6DFF6F417A4B51D0056F270 /* CoreGraphics.framework in Frameworks */ = {isa = PBXBuildFile; fileRef = E6DFF6F317A4B51D0056F270 /* CoreGraphics.framework */; };
		E6DFF6F617A4B51D0056F270 /* UIKit.framework in Frameworks */ = {isa = PBXBuildFile; fileRef = E6DFF6F517A4B51D0056F270 /* UIKit.framework */; };
		E6DFF6F817A4B51D0056F270 /* SpriteKit.framework in Frameworks */ = {isa = PBXBuildFile; fileRef = E6DFF6F717A4B51D0056F270 /* SpriteKit.framework */; };
		E6DFF6FE17A4B51D0056F270 /* InfoPlist.strings in Resources */ = {isa = PBXBuildFile; fileRef = E6DFF6FC17A4B51D0056F270 /* InfoPlist.strings */; };
		E6DFF70017A4B51D0056F270 /* main.m in Sources */ = {isa = PBXBuildFile; fileRef = E6DFF6FF17A4B51D0056F270 /* main.m */; };
		E6DFF70417A4B51D0056F270 /* SDAppDelegate.m in Sources */ = {isa = PBXBuildFile; fileRef = E6DFF70317A4B51D0056F270 /* SDAppDelegate.m */; };
		E6DFF70717A4B51D0056F270 /* Main.storyboard in Resources */ = {isa = PBXBuildFile; fileRef = E6DFF70517A4B51D0056F270 /* Main.storyboard */; };
		E6DFF70A17A4B51D0056F270 /* SDViewController.m in Sources */ = {isa = PBXBuildFile; fileRef = E6DFF70917A4B51D0056F270 /* SDViewController.m */; };
		E6DFF70D17A4B51D0056F270 /* SDMyScene.m in Sources */ = {isa = PBXBuildFile; fileRef = E6DFF70C17A4B51D0056F270 /* SDMyScene.m */; };
		E6DFF71117A4B51D0056F270 /* Images.xcassets in Resources */ = {isa = PBXBuildFile; fileRef = E6DFF71017A4B51D0056F270 /* Images.xcassets */; };
		E6DFF71817A4B51D0056F270 /* XCTest.framework in Frameworks */ = {isa = PBXBuildFile; fileRef = E6DFF71717A4B51D0056F270 /* XCTest.framework */; };
		E6DFF71917A4B51D0056F270 /* Foundation.framework in Frameworks */ = {isa = PBXBuildFile; fileRef = E6DFF6F117A4B51D0056F270 /* Foundation.framework */; };
		E6DFF71A17A4B51D0056F270 /* UIKit.framework in Frameworks */ = {isa = PBXBuildFile; fileRef = E6DFF6F517A4B51D0056F270 /* UIKit.framework */; };
		E6DFF72217A4B51D0056F270 /* InfoPlist.strings in Resources */ = {isa = PBXBuildFile; fileRef = E6DFF72017A4B51D0056F270 /* InfoPlist.strings */; };
		E6DFF72417A4B51D0056F270 /* ShootDuckTests.m in Sources */ = {isa = PBXBuildFile; fileRef = E6DFF72317A4B51D0056F270 /* ShootDuckTests.m */; };
		E6DFF74117A4BD5A0056F270 /* SDDuck.m in Sources */ = {isa = PBXBuildFile; fileRef = E6DFF74017A4BD5A0056F270 /* SDDuck.m */; };
		E6DFF74417A4BE9C0056F270 /* SDShootDuckGame.m in Sources */ = {isa = PBXBuildFile; fileRef = E6DFF74317A4BE9C0056F270 /* SDShootDuckGame.m */; };
		E6DFF74817A4F0E50056F270 /* Duck.atlas in Resources */ = {isa = PBXBuildFile; fileRef = E6DFF74717A4F0E50056F270 /* Duck.atlas */; };
/* End PBXBuildFile section */

/* Begin PBXContainerItemProxy section */
		E6DFF71B17A4B51D0056F270 /* PBXContainerItemProxy */ = {
			isa = PBXContainerItemProxy;
			containerPortal = E6DFF6E617A4B51D0056F270 /* Project object */;
			proxyType = 1;
			remoteGlobalIDString = E6DFF6ED17A4B51D0056F270;
			remoteInfo = ShootDuck;
		};
/* End PBXContainerItemProxy section */

/* Begin PBXFileReference section */
		E6C1D4C417FE788200FA02EF /* duck1.png */ = {isa = PBXFileReference; lastKnownFileType = image.png; name = duck1.png; path = Duck.atlas/duck1.png; sourceTree = "<group>"; };
		E6C1D4C517FE788200FA02EF /* duck2.png */ = {isa = PBXFileReference; lastKnownFileType = image.png; name = duck2.png; path = Duck.atlas/duck2.png; sourceTree = "<group>"; };
		E6DFF6EE17A4B51D0056F270 /* ShootDuck.app */ = {isa = PBXFileReference; explicitFileType = wrapper.application; includeInIndex = 0; path = ShootDuck.app; sourceTree = BUILT_PRODUCTS_DIR; };
		E6DFF6F117A4B51D0056F270 /* Foundation.framework */ = {isa = PBXFileReference; lastKnownFileType = wrapper.framework; name = Foundation.framework; path = System/Library/Frameworks/Foundation.framework; sourceTree = SDKROOT; };
		E6DFF6F317A4B51D0056F270 /* CoreGraphics.framework */ = {isa = PBXFileReference; lastKnownFileType = wrapper.framework; name = CoreGraphics.framework; path = System/Library/Frameworks/CoreGraphics.framework; sourceTree = SDKROOT; };
		E6DFF6F517A4B51D0056F270 /* UIKit.framework */ = {isa = PBXFileReference; lastKnownFileType = wrapper.framework; name = UIKit.framework; path = System/Library/Frameworks/UIKit.framework; sourceTree = SDKROOT; };
		E6DFF6F717A4B51D0056F270 /* SpriteKit.framework */ = {isa = PBXFileReference; lastKnownFileType = wrapper.framework; name = SpriteKit.framework; path = System/Library/Frameworks/SpriteKit.framework; sourceTree = SDKROOT; };
		E6DFF6FB17A4B51D0056F270 /* ShootDuck-Info.plist */ = {isa = PBXFileReference; lastKnownFileType = text.plist.xml; path = "ShootDuck-Info.plist"; sourceTree = "<group>"; };
		E6DFF6FD17A4B51D0056F270 /* en */ = {isa = PBXFileReference; lastKnownFileType = text.plist.strings; name = en; path = en.lproj/InfoPlist.strings; sourceTree = "<group>"; };
		E6DFF6FF17A4B51D0056F270 /* main.m */ = {isa = PBXFileReference; lastKnownFileType = sourcecode.c.objc; path = main.m; sourceTree = "<group>"; };
		E6DFF70117A4B51D0056F270 /* ShootDuck-Prefix.pch */ = {isa = PBXFileReference; lastKnownFileType = sourcecode.c.h; path = "ShootDuck-Prefix.pch"; sourceTree = "<group>"; };
		E6DFF70217A4B51D0056F270 /* SDAppDelegate.h */ = {isa = PBXFileReference; lastKnownFileType = sourcecode.c.h; path = SDAppDelegate.h; sourceTree = "<group>"; };
		E6DFF70317A4B51D0056F270 /* SDAppDelegate.m */ = {isa = PBXFileReference; lastKnownFileType = sourcecode.c.objc; path = SDAppDelegate.m; sourceTree = "<group>"; };
		E6DFF70617A4B51D0056F270 /* Base */ = {isa = PBXFileReference; lastKnownFileType = file.storyboard; name = Base; path = Base.lproj/Main.storyboard; sourceTree = "<group>"; };
		E6DFF70817A4B51D0056F270 /* SDViewController.h */ = {isa = PBXFileReference; lastKnownFileType = sourcecode.c.h; path = SDViewController.h; sourceTree = "<group>"; };
		E6DFF70917A4B51D0056F270 /* SDViewController.m */ = {isa = PBXFileReference; lastKnownFileType = sourcecode.c.objc; path = SDViewController.m; sourceTree = "<group>"; };
		E6DFF70B17A4B51D0056F270 /* SDMyScene.h */ = {isa = PBXFileReference; lastKnownFileType = sourcecode.c.h; path = SDMyScene.h; sourceTree = "<group>"; };
		E6DFF70C17A4B51D0056F270 /* SDMyScene.m */ = {isa = PBXFileReference; lastKnownFileType = sourcecode.c.objc; path = SDMyScene.m; sourceTree = "<group>"; };
		E6DFF71017A4B51D0056F270 /* Images.xcassets */ = {isa = PBXFileReference; lastKnownFileType = folder.assetcatalog; path = Images.xcassets; sourceTree = "<group>"; };
		E6DFF71617A4B51D0056F270 /* ShootDuckTests.xctest */ = {isa = PBXFileReference; explicitFileType = wrapper.cfbundle; includeInIndex = 0; path = ShootDuckTests.xctest; sourceTree = BUILT_PRODUCTS_DIR; };
		E6DFF71717A4B51D0056F270 /* XCTest.framework */ = {isa = PBXFileReference; lastKnownFileType = wrapper.framework; name = XCTest.framework; path = Library/Frameworks/XCTest.framework; sourceTree = DEVELOPER_DIR; };
		E6DFF71F17A4B51D0056F270 /* ShootDuckTests-Info.plist */ = {isa = PBXFileReference; lastKnownFileType = text.plist.xml; path = "ShootDuckTests-Info.plist"; sourceTree = "<group>"; };
		E6DFF72117A4B51D0056F270 /* en */ = {isa = PBXFileReference; lastKnownFileType = text.plist.strings; name = en; path = en.lproj/InfoPlist.strings; sourceTree = "<group>"; };
		E6DFF72317A4B51D0056F270 /* ShootDuckTests.m */ = {isa = PBXFileReference; lastKnownFileType = sourcecode.c.objc; path = ShootDuckTests.m; sourceTree = "<group>"; };
		E6DFF73F17A4BD5A0056F270 /* SDDuck.h */ = {isa = PBXFileReference; fileEncoding = 4; lastKnownFileType = sourcecode.c.h; path = SDDuck.h; sourceTree = "<group>"; };
		E6DFF74017A4BD5A0056F270 /* SDDuck.m */ = {isa = PBXFileReference; fileEncoding = 4; lastKnownFileType = sourcecode.c.objc; path = SDDuck.m; sourceTree = "<group>"; };
		E6DFF74217A4BE9C0056F270 /* SDShootDuckGame.h */ = {isa = PBXFileReference; fileEncoding = 4; lastKnownFileType = sourcecode.c.h; path = SDShootDuckGame.h; sourceTree = "<group>"; };
		E6DFF74317A4BE9C0056F270 /* SDShootDuckGame.m */ = {isa = PBXFileReference; fileEncoding = 4; lastKnownFileType = sourcecode.c.objc; path = SDShootDuckGame.m; sourceTree = "<group>"; };
		E6DFF74717A4F0E50056F270 /* Duck.atlas */ = {isa = PBXFileReference; lastKnownFileType = folder.skatlas; path = Duck.atlas; sourceTree = "<group>"; };
/* End PBXFileReference section */

/* Begin PBXFrameworksBuildPhase section */
		E6DFF6EB17A4B51D0056F270 /* Frameworks */ = {
			isa = PBXFrameworksBuildPhase;
			buildActionMask = 2147483647;
			files = (
				E6DFF6F417A4B51D0056F270 /* CoreGraphics.framework in Frameworks */,
				E6DFF6F617A4B51D0056F270 /* UIKit.framework in Frameworks */,
				E6DFF6F817A4B51D0056F270 /* SpriteKit.framework in Frameworks */,
				E6DFF6F217A4B51D0056F270 /* Foundation.framework in Frameworks */,
			);
			runOnlyForDeploymentPostprocessing = 0;
		};
		E6DFF71317A4B51D0056F270 /* Frameworks */ = {
			isa = PBXFrameworksBuildPhase;
			buildActionMask = 2147483647;
			files = (
				E6DFF71817A4B51D0056F270 /* XCTest.framework in Frameworks */,
				E6DFF71A17A4B51D0056F270 /* UIKit.framework in Frameworks */,
				E6DFF71917A4B51D0056F270 /* Foundation.framework in Frameworks */,
			);
			runOnlyForDeploymentPostprocessing = 0;
		};
/* End PBXFrameworksBuildPhase section */

/* Begin PBXGroup section */
		E6DFF6E517A4B51D0056F270 = {
			isa = PBXGroup;
			children = (
				E6DFF6F917A4B51D0056F270 /* ShootDuck */,
				E6DFF71D17A4B51D0056F270 /* ShootDuckTests */,
				E6DFF6F017A4B51D0056F270 /* Frameworks */,
				E6DFF6EF17A4B51D0056F270 /* Products */,
			);
			sourceTree = "<group>";
		};
		E6DFF6EF17A4B51D0056F270 /* Products */ = {
			isa = PBXGroup;
			children = (
				E6DFF6EE17A4B51D0056F270 /* ShootDuck.app */,
				E6DFF71617A4B51D0056F270 /* ShootDuckTests.xctest */,
			);
			name = Products;
			sourceTree = "<group>";
		};
		E6DFF6F017A4B51D0056F270 /* Frameworks */ = {
			isa = PBXGroup;
			children = (
				E6DFF6F117A4B51D0056F270 /* Foundation.framework */,
				E6DFF6F317A4B51D0056F270 /* CoreGraphics.framework */,
				E6DFF6F517A4B51D0056F270 /* UIKit.framework */,
				E6DFF6F717A4B51D0056F270 /* SpriteKit.framework */,
				E6DFF71717A4B51D0056F270 /* XCTest.framework */,
			);
			name = Frameworks;
			sourceTree = "<group>";
		};
		E6DFF6F917A4B51D0056F270 /* ShootDuck */ = {
			isa = PBXGroup;
			children = (
				E6C1D4C417FE788200FA02EF /* duck1.png */,
				E6C1D4C517FE788200FA02EF /* duck2.png */,
				E6DFF74717A4F0E50056F270 /* Duck.atlas */,
				E6DFF70217A4B51D0056F270 /* SDAppDelegate.h */,
				E6DFF70317A4B51D0056F270 /* SDAppDelegate.m */,
				E6DFF70517A4B51D0056F270 /* Main.storyboard */,
				E6DFF70817A4B51D0056F270 /* SDViewController.h */,
				E6DFF70917A4B51D0056F270 /* SDViewController.m */,
				E6DFF70B17A4B51D0056F270 /* SDMyScene.h */,
				E6DFF70C17A4B51D0056F270 /* SDMyScene.m */,
				E6DFF71017A4B51D0056F270 /* Images.xcassets */,
				E6DFF6FA17A4B51D0056F270 /* Supporting Files */,
				E6DFF73F17A4BD5A0056F270 /* SDDuck.h */,
				E6DFF74017A4BD5A0056F270 /* SDDuck.m */,
				E6DFF74217A4BE9C0056F270 /* SDShootDuckGame.h */,
				E6DFF74317A4BE9C0056F270 /* SDShootDuckGame.m */,
			);
			path = ShootDuck;
			sourceTree = "<group>";
		};
		E6DFF6FA17A4B51D0056F270 /* Supporting Files */ = {
			isa = PBXGroup;
			children = (
				E6DFF6FB17A4B51D0056F270 /* ShootDuck-Info.plist */,
				E6DFF6FC17A4B51D0056F270 /* InfoPlist.strings */,
				E6DFF6FF17A4B51D0056F270 /* main.m */,
				E6DFF70117A4B51D0056F270 /* ShootDuck-Prefix.pch */,
			);
			name = "Supporting Files";
			sourceTree = "<group>";
		};
		E6DFF71D17A4B51D0056F270 /* ShootDuckTests */ = {
			isa = PBXGroup;
			children = (
				E6DFF72317A4B51D0056F270 /* ShootDuckTests.m */,
				E6DFF71E17A4B51D0056F270 /* Supporting Files */,
			);
			path = ShootDuckTests;
			sourceTree = "<group>";
		};
		E6DFF71E17A4B51D0056F270 /* Supporting Files */ = {
			isa = PBXGroup;
			children = (
				E6DFF71F17A4B51D0056F270 /* ShootDuckTests-Info.plist */,
				E6DFF72017A4B51D0056F270 /* InfoPlist.strings */,
			);
			name = "Supporting Files";
			sourceTree = "<group>";
		};
/* End PBXGroup section */

/* Begin PBXNativeTarget section */
		E6DFF6ED17A4B51D0056F270 /* ShootDuck */ = {
			isa = PBXNativeTarget;
			buildConfigurationList = E6DFF72717A4B51D0056F270 /* Build configuration list for PBXNativeTarget "ShootDuck" */;
			buildPhases = (
				E6DFF6EA17A4B51D0056F270 /* Sources */,
				E6DFF6EB17A4B51D0056F270 /* Frameworks */,
				E6DFF6EC17A4B51D0056F270 /* Resources */,
			);
			buildRules = (
			);
			dependencies = (
			);
			name = ShootDuck;
			productName = ShootDuck;
			productReference = E6DFF6EE17A4B51D0056F270 /* ShootDuck.app */;
			productType = "com.apple.product-type.application";
		};
		E6DFF71517A4B51D0056F270 /* ShootDuckTests */ = {
			isa = PBXNativeTarget;
			buildConfigurationList = E6DFF72A17A4B51D0056F270 /* Build configuration list for PBXNativeTarget "ShootDuckTests" */;
			buildPhases = (
				E6DFF71217A4B51D0056F270 /* Sources */,
				E6DFF71317A4B51D0056F270 /* Frameworks */,
				E6DFF71417A4B51D0056F270 /* Resources */,
			);
			buildRules = (
			);
			dependencies = (
				E6DFF71C17A4B51D0056F270 /* PBXTargetDependency */,
			);
			name = ShootDuckTests;
			productName = ShootDuckTests;
			productReference = E6DFF71617A4B51D0056F270 /* ShootDuckTests.xctest */;
			productType = "com.apple.product-type.bundle.unit-test";
		};
/* End PBXNativeTarget section */

/* Begin PBXProject section */
		E6DFF6E617A4B51D0056F270 /* Project object */ = {
			isa = PBXProject;
			attributes = {
				CLASSPREFIX = SD;
				LastUpgradeCheck = 0500;
				ORGANIZATIONNAME = "Teaualune Tseng";
				TargetAttributes = {
					E6DFF71517A4B51D0056F270 = {
						TestTargetID = E6DFF6ED17A4B51D0056F270;
					};
				};
			};
			buildConfigurationList = E6DFF6E917A4B51D0056F270 /* Build configuration list for PBXProject "ShootDuck" */;
			compatibilityVersion = "Xcode 3.2";
			developmentRegion = English;
			hasScannedForEncodings = 0;
			knownRegions = (
				en,
				Base,
			);
			mainGroup = E6DFF6E517A4B51D0056F270;
			productRefGroup = E6DFF6EF17A4B51D0056F270 /* Products */;
			projectDirPath = "";
			projectRoot = "";
			targets = (
				E6DFF6ED17A4B51D0056F270 /* ShootDuck */,
				E6DFF71517A4B51D0056F270 /* ShootDuckTests */,
			);
		};
/* End PBXProject section */

/* Begin PBXResourcesBuildPhase section */
		E6DFF6EC17A4B51D0056F270 /* Resources */ = {
			isa = PBXResourcesBuildPhase;
			buildActionMask = 2147483647;
			files = (
				E6DFF74817A4F0E50056F270 /* Duck.atlas in Resources */,
				E6C1D4C717FE788200FA02EF /* duck2.png in Resources */,
				E6DFF6FE17A4B51D0056F270 /* InfoPlist.strings in Resources */,
				E6DFF71117A4B51D0056F270 /* Images.xcassets in Resources */,
				E6DFF70717A4B51D0056F270 /* Main.storyboard in Resources */,
				E6C1D4C617FE788200FA02EF /* duck1.png in Resources */,
			);
			runOnlyForDeploymentPostprocessing = 0;
		};
		E6DFF71417A4B51D0056F270 /* Resources */ = {
			isa = PBXResourcesBuildPhase;
			buildActionMask = 2147483647;
			files = (
				E6DFF72217A4B51D0056F270 /* InfoPlist.strings in Resources */,
			);
			runOnlyForDeploymentPostprocessing = 0;
		};
/* End PBXResourcesBuildPhase section */

/* Begin PBXSourcesBuildPhase section */
		E6DFF6EA17A4B51D0056F270 /* Sources */ = {
			isa = PBXSourcesBuildPhase;
			buildActionMask = 2147483647;
			files = (
				E6DFF70017A4B51D0056F270 /* main.m in Sources */,
				E6DFF74117A4BD5A0056F270 /* SDDuck.m in Sources */,
				E6DFF70D17A4B51D0056F270 /* SDMyScene.m in Sources */,
				E6DFF74417A4BE9C0056F270 /* SDShootDuckGame.m in Sources */,
				E6DFF70A17A4B51D0056F270 /* SDViewController.m in Sources */,
				E6DFF70417A4B51D0056F270 /* SDAppDelegate.m in Sources */,
			);
			runOnlyForDeploymentPostprocessing = 0;
		};
		E6DFF71217A4B51D0056F270 /* Sources */ = {
			isa = PBXSourcesBuildPhase;
			buildActionMask = 2147483647;
			files = (
				E6DFF72417A4B51D0056F270 /* ShootDuckTests.m in Sources */,
			);
			runOnlyForDeploymentPostprocessing = 0;
		};
/* End PBXSourcesBuildPhase section */

/* Begin PBXTargetDependency section */
		E6DFF71C17A4B51D0056F270 /* PBXTargetDependency */ = {
			isa = PBXTargetDependency;
			target = E6DFF6ED17A4B51D0056F270 /* ShootDuck */;
			targetProxy = E6DFF71B17A4B51D0056F270 /* PBXContainerItemProxy */;
		};
/* End PBXTargetDependency section */

/* Begin PBXVariantGroup section */
		E6DFF6FC17A4B51D0056F270 /* InfoPlist.strings */ = {
			isa = PBXVariantGroup;
			children = (
				E6DFF6FD17A4B51D0056F270 /* en */,
			);
			name = InfoPlist.strings;
			sourceTree = "<group>";
		};
		E6DFF70517A4B51D0056F270 /* Main.storyboard */ = {
			isa = PBXVariantGroup;
			children = (
				E6DFF70617A4B51D0056F270 /* Base */,
			);
			name = Main.storyboard;
			sourceTree = "<group>";
		};
		E6DFF72017A4B51D0056F270 /* InfoPlist.strings */ = {
			isa = PBXVariantGroup;
			children = (
				E6DFF72117A4B51D0056F270 /* en */,
			);
			name = InfoPlist.strings;
			sourceTree = "<group>";
		};
/* End PBXVariantGroup section */

/* Begin XCBuildConfiguration section */
		E6DFF72517A4B51D0056F270 /* Debug */ = {
			isa = XCBuildConfiguration;
			buildSettings = {
				ALWAYS_SEARCH_USER_PATHS = NO;
				CLANG_CXX_LANGUAGE_STANDARD = "gnu++0x";
				CLANG_CXX_LIBRARY = "libc++";
				CLANG_ENABLE_MODULES = YES;
				CLANG_ENABLE_OBJC_ARC = YES;
				CLANG_WARN_BOOL_CONVERSION = YES;
				CLANG_WARN_CONSTANT_CONVERSION = YES;
				CLANG_WARN_DIRECT_OBJC_ISA_USAGE = YES_ERROR;
				CLANG_WARN_EMPTY_BODY = YES;
				CLANG_WARN_ENUM_CONVERSION = YES;
				CLANG_WARN_INT_CONVERSION = YES;
				CLANG_WARN_OBJC_ROOT_CLASS = YES_ERROR;
				CLANG_WARN__DUPLICATE_METHOD_MATCH = YES;
				"CODE_SIGN_IDENTITY[sdk=iphoneos*]" = "iPhone Developer";
				COPY_PHASE_STRIP = NO;
				GCC_C_LANGUAGE_STANDARD = gnu99;
				GCC_DYNAMIC_NO_PIC = NO;
				GCC_OPTIMIZATION_LEVEL = 0;
				GCC_PREPROCESSOR_DEFINITIONS = (
					"DEBUG=1",
					"$(inherited)",
				);
				GCC_SYMBOLS_PRIVATE_EXTERN = NO;
				GCC_WARN_ABOUT_RETURN_TYPE = YES_ERROR;
				GCC_WARN_UNDECLARED_SELECTOR = YES;
				GCC_WARN_UNINITIALIZED_AUTOS = YES;
				GCC_WARN_UNUSED_FUNCTION = YES;
				GCC_WARN_UNUSED_VARIABLE = YES;
				IPHONEOS_DEPLOYMENT_TARGET = 7.0;
				ONLY_ACTIVE_ARCH = YES;
				SDKROOT = iphoneos;
			};
			name = Debug;
		};
		E6DFF72617A4B51D0056F270 /* Release */ = {
			isa = XCBuildConfiguration;
			buildSettings = {
				ALWAYS_SEARCH_USER_PATHS = NO;
				CLANG_CXX_LANGUAGE_STANDARD = "gnu++0x";
				CLANG_CXX_LIBRARY = "libc++";
				CLANG_ENABLE_MODULES = YES;
				CLANG_ENABLE_OBJC_ARC = YES;
				CLANG_WARN_BOOL_CONVERSION = YES;
				CLANG_WARN_CONSTANT_CONVERSION = YES;
				CLANG_WARN_DIRECT_OBJC_ISA_USAGE = YES_ERROR;
				CLANG_WARN_EMPTY_BODY = YES;
				CLANG_WARN_ENUM_CONVERSION = YES;
				CLANG_WARN_INT_CONVERSION = YES;
				CLANG_WARN_OBJC_ROOT_CLASS = YES_ERROR;
				CLANG_WARN__DUPLICATE_METHOD_MATCH = YES;
				"CODE_SIGN_IDENTITY[sdk=iphoneos*]" = "iPhone Developer";
				COPY_PHASE_STRIP = YES;
				ENABLE_NS_ASSERTIONS = NO;
				GCC_C_LANGUAGE_STANDARD = gnu99;
				GCC_WARN_ABOUT_RETURN_TYPE = YES_ERROR;
				GCC_WARN_UNDECLARED_SELECTOR = YES;
				GCC_WARN_UNINITIALIZED_AUTOS = YES;
				GCC_WARN_UNUSED_FUNCTION = YES;
				GCC_WARN_UNUSED_VARIABLE = YES;
				IPHONEOS_DEPLOYMENT_TARGET = 7.0;
				SDKROOT = iphoneos;
				VALIDATE_PRODUCT = YES;
			};
			name = Release;
		};
		E6DFF72817A4B51D0056F270 /* Debug */ = {
			isa = XCBuildConfiguration;
			buildSettings = {
				ASSETCATALOG_COMPILER_APPICON_NAME = AppIcon;
				ASSETCATALOG_COMPILER_LAUNCHIMAGE_NAME = LaunchImage;
				CODE_SIGN_IDENTITY = "iPhone Developer";
				"CODE_SIGN_IDENTITY[sdk=iphoneos*]" = "iPhone Developer";
				GCC_PRECOMPILE_PREFIX_HEADER = YES;
				GCC_PREFIX_HEADER = "ShootDuck/ShootDuck-Prefix.pch";
				INFOPLIST_FILE = "ShootDuck/ShootDuck-Info.plist";
				PRODUCT_NAME = "$(TARGET_NAME)";
				PROVISIONING_PROFILE = "";
				SPRITEKIT_TEXTURE_ATLAS_OUTPUT = YES;
				WRAPPER_EXTENSION = app;
			};
			name = Debug;
		};
		E6DFF72917A4B51D0056F270 /* Release */ = {
			isa = XCBuildConfiguration;
			buildSettings = {
				ASSETCATALOG_COMPILER_APPICON_NAME = AppIcon;
				ASSETCATALOG_COMPILER_LAUNCHIMAGE_NAME = LaunchImage;
				CODE_SIGN_IDENTITY = "iPhone Developer";
				"CODE_SIGN_IDENTITY[sdk=iphoneos*]" = "iPhone Developer";
				GCC_PRECOMPILE_PREFIX_HEADER = YES;
				GCC_PREFIX_HEADER = "ShootDuck/ShootDuck-Prefix.pch";
				INFOPLIST_FILE = "ShootDuck/ShootDuck-Info.plist";
				PRODUCT_NAME = "$(TARGET_NAME)";
				PROVISIONING_PROFILE = "";
				SPRITEKIT_TEXTURE_ATLAS_OUTPUT = YES;
				WRAPPER_EXTENSION = app;
			};
			name = Release;
		};
		E6DFF72B17A4B51D0056F270 /* Debug */ = {
			isa = XCBuildConfiguration;
			buildSettings = {
				BUNDLE_LOADER = "$(BUILT_PRODUCTS_DIR)/ShootDuck.app/ShootDuck";
				FRAMEWORK_SEARCH_PATHS = (
					"$(SDKROOT)/Developer/Library/Frameworks",
					"$(inherited)",
					"$(SYSTEM_APPS_DIR)/Xcode5-DP2.app/Contents/Developer/Library/Frameworks",
				);
				GCC_PRECOMPILE_PREFIX_HEADER = YES;
				GCC_PREFIX_HEADER = "ShootDuck/ShootDuck-Prefix.pch";
				GCC_PREPROCESSOR_DEFINITIONS = (
					"DEBUG=1",
					"$(inherited)",
				);
				INFOPLIST_FILE = "ShootDuckTests/ShootDuckTests-Info.plist";
				PRODUCT_NAME = "$(TARGET_NAME)";
				TEST_HOST = "$(BUNDLE_LOADER)";
				WRAPPER_EXTENSION = xctest;
			};
			name = Debug;
		};
		E6DFF72C17A4B51D0056F270 /* Release */ = {
			isa = XCBuildConfiguration;
			buildSettings = {
				BUNDLE_LOADER = "$(BUILT_PRODUCTS_DIR)/ShootDuck.app/ShootDuck";
				FRAMEWORK_SEARCH_PATHS = (
					"$(SDKROOT)/Developer/Library/Frameworks",
					"$(inherited)",
					"$(SYSTEM_APPS_DIR)/Xcode5-DP2.app/Contents/Developer/Library/Frameworks",
				);
				GCC_PRECOMPILE_PREFIX_HEADER = YES;
				GCC_PREFIX_HEADER = "ShootDuck/ShootDuck-Prefix.pch";
				INFOPLIST_FILE = "ShootDuckTests/ShootDuckTests-Info.plist";
				PRODUCT_NAME = "$(TARGET_NAME)";
				TEST_HOST = "$(BUNDLE_LOADER)";
				WRAPPER_EXTENSION = xctest;
			};
			name = Release;
		};
/* End XCBuildConfiguration section */

/* Begin XCConfigurationList section */
		E6DFF6E917A4B51D0056F270 /* Build configuration list for PBXProject "ShootDuck" */ = {
			isa = XCConfigurationList;
			buildConfigurations = (
				E6DFF72517A4B51D0056F270 /* Debug */,
				E6DFF72617A4B51D0056F270 /* Release */,
			);
			defaultConfigurationIsVisible = 0;
			defaultConfigurationName = Release;
		};
		E6DFF72717A4B51D0056F270 /* Build configuration list for PBXNativeTarget "ShootDuck" */ = {
			isa = XCConfigurationList;
			buildConfigurations = (
				E6DFF72817A4B51D0056F270 /* Debug */,
				E6DFF72917A4B51D0056F270 /* Release */,
			);
			defaultConfigurationIsVisible = 0;
			defaultConfigurationName = Release;
		};
		E6DFF72A17A4B51D0056F270 /* Build configuration list for PBXNativeTarget "ShootDuckTests" */ = {
			isa = XCConfigurationList;
			buildConfigurations = (
				E6DFF72B17A4B51D0056F270 /* Debug */,
				E6DFF72C17A4B51D0056F270 /* Release */,
			);
			defaultConfigurationIsVisible = 0;
			defaultConfigurationName = Release;
		};
/* End XCConfigurationList section */
	};
	rootObject = E6DFF6E617A4B51D0056F270 /* Project object */;
}
